
Microsoft Visual Studio Solution File, Format Version 12.00
# Visual Studio Version 17
VisualStudioVersion = 17.11.35327.3
MinimumVisualStudioVersion = 10.0.40219.1
Project("{FAE04EC0-301F-11D3-BF4B-00C04F79EFBC}") = "MosqueraAnthonny_TareaApuntes", "MosqueraAnthonny_TareaApuntes.csproj", "{664A335B-A01F-4AFE-BB28-1D07ADBB64C8}"
EndProject
Global
	GlobalSection(SolutionConfigurationPlatforms) = preSolution
		Debug|Any CPU = Debug|Any CPU
		Release|Any CPU = Release|Any CPU
	EndGlobalSection
	GlobalSection(ProjectConfigurationPlatforms) = postSolution
		{664A335B-A01F-4AFE-BB28-1D07ADBB64C8}.Debug|Any CPU.ActiveCfg = Debug|Any CPU
		{664A335B-A01F-4AFE-BB28-1D07ADBB64C8}.Debug|Any CPU.Build.0 = Debug|Any CPU
		{664A335B-A01F-4AFE-BB28-1D07ADBB64C8}.Debug|Any CPU.Deploy.0 = Debug|Any CPU
		{664A335B-A01F-4AFE-BB28-1D07ADBB64C8}.Release|Any CPU.ActiveCfg = Release|Any CPU
		{664A335B-A01F-4AFE-BB28-1D07ADBB64C8}.Release|Any CPU.Build.0 = Release|Any CPU
		{664A335B-A01F-4AFE-BB28-1D07ADBB64C8}.Release|Any CPU.Deploy.0 = Release|Any CPU
	EndGlobalSection
	GlobalSection(SolutionProperties) = preSolution
		HideSolutionNode = FALSE
	EndGlobalSection
	GlobalSection(ExtensibilityGlobals) = postSolution
		SolutionGuid = {243D1D9B-9B2B-4974-B2EA-B688D65A7EAE}
	EndGlobalSection
EndGlobal
